
Microsoft Visual Studio Solution File, Format Version 12.00
# Visual Studio 15
VisualStudioVersion = 15.0.26730.16
MinimumVisualStudioVersion = 10.0.40219.1
Project("{FAE04EC0-301F-11D3-BF4B-00C04F79EFBC}") = "Oantuxi_Client", "Oantuxi_Client\Oantuxi_Client.csproj", "{997BB792-A13A-45AF-BC33-71745AD3BA75}"
EndProject
Project("{FAE04EC0-301F-11D3-BF4B-00C04F79EFBC}") = "Oantuxi_Server", "Oantuxi_Server\Oantuxi_Server.csproj", "{F1F01E73-7506-432F-90DF-D61751D7DA1C}"
EndProject
Global
	GlobalSection(SolutionConfigurationPlatforms) = preSolution
		Debug|Any CPU = Debug|Any CPU
		Release|Any CPU = Release|Any CPU
	EndGlobalSection
	GlobalSection(ProjectConfigurationPlatforms) = postSolution
		{997BB792-A13A-45AF-BC33-71745AD3BA75}.Debug|Any CPU.ActiveCfg = Debug|Any CPU
		{997BB792-A13A-45AF-BC33-71745AD3BA75}.Debug|Any CPU.Build.0 = Debug|Any CPU
		{997BB792-A13A-45AF-BC33-71745AD3BA75}.Release|Any CPU.ActiveCfg = Release|Any CPU
		{997BB792-A13A-45AF-BC33-71745AD3BA75}.Release|Any CPU.Build.0 = Release|Any CPU
		{F1F01E73-7506-432F-90DF-D61751D7DA1C}.Debug|Any CPU.ActiveCfg = Debug|Any CPU
		{F1F01E73-7506-432F-90DF-D61751D7DA1C}.Debug|Any CPU.Build.0 = Debug|Any CPU
		{F1F01E73-7506-432F-90DF-D61751D7DA1C}.Release|Any CPU.ActiveCfg = Release|Any CPU
		{F1F01E73-7506-432F-90DF-D61751D7DA1C}.Release|Any CPU.Build.0 = Release|Any CPU
	EndGlobalSection
	GlobalSection(SolutionProperties) = preSolution
		HideSolutionNode = FALSE
	EndGlobalSection
	GlobalSection(ExtensibilityGlobals) = postSolution
		SolutionGuid = {A7D07628-5E67-4504-8E63-E0A879124A25}
	EndGlobalSection
EndGlobal
